
Microsoft Visual Studio Solution File, Format Version 12.00
# Visual Studio 15
VisualStudioVersion = 15.0.28010.2050
MinimumVisualStudioVersion = 10.0.40219.1
Project("{9A19103F-16F7-4668-BE54-9A1E7A4F7556}") = "Rehber.Database", "Rehber.Database\Rehber.Database.csproj", "{2C4293A9-007B-4421-B6F4-E9FB58597785}"
EndProject
Project("{9A19103F-16F7-4668-BE54-9A1E7A4F7556}") = "Rehber.Admin", "Rehber.Admin\Rehber.Admin.csproj", "{9907AC23-C763-42C1-80C9-629BB94420E7}"
EndProject
Project("{FAE04EC0-301F-11D3-BF4B-00C04F79EFBC}") = "Rehber.WebAPP", "Rehber.WebAPP\Rehber.WebAPP.csproj", "{BEFC54E4-7291-4A71-AB96-3BBD80B66968}"
EndProject
Global
	GlobalSection(SolutionConfigurationPlatforms) = preSolution
		Debug|Any CPU = Debug|Any CPU
		Release|Any CPU = Release|Any CPU
	EndGlobalSection
	GlobalSection(ProjectConfigurationPlatforms) = postSolution
		{2C4293A9-007B-4421-B6F4-E9FB58597785}.Debug|Any CPU.ActiveCfg = Debug|Any CPU
		{2C4293A9-007B-4421-B6F4-E9FB58597785}.Debug|Any CPU.Build.0 = Debug|Any CPU
		{2C4293A9-007B-4421-B6F4-E9FB58597785}.Release|Any CPU.ActiveCfg = Release|Any CPU
		{2C4293A9-007B-4421-B6F4-E9FB58597785}.Release|Any CPU.Build.0 = Release|Any CPU
		{9907AC23-C763-42C1-80C9-629BB94420E7}.Debug|Any CPU.ActiveCfg = Debug|Any CPU
		{9907AC23-C763-42C1-80C9-629BB94420E7}.Debug|Any CPU.Build.0 = Debug|Any CPU
		{9907AC23-C763-42C1-80C9-629BB94420E7}.Release|Any CPU.ActiveCfg = Release|Any CPU
		{9907AC23-C763-42C1-80C9-629BB94420E7}.Release|Any CPU.Build.0 = Release|Any CPU
		{BEFC54E4-7291-4A71-AB96-3BBD80B66968}.Debug|Any CPU.ActiveCfg = Debug|Any CPU
		{BEFC54E4-7291-4A71-AB96-3BBD80B66968}.Debug|Any CPU.Build.0 = Debug|Any CPU
		{BEFC54E4-7291-4A71-AB96-3BBD80B66968}.Release|Any CPU.ActiveCfg = Release|Any CPU
		{BEFC54E4-7291-4A71-AB96-3BBD80B66968}.Release|Any CPU.Build.0 = Release|Any CPU
	EndGlobalSection
	GlobalSection(SolutionProperties) = preSolution
		HideSolutionNode = FALSE
	EndGlobalSection
	GlobalSection(ExtensibilityGlobals) = postSolution
		SolutionGuid = {A2B2F218-B90C-4028-B875-76B393CD37E8}
	EndGlobalSection
EndGlobal
