
Microsoft Visual Studio Solution File, Format Version 12.00
# Visual Studio 15
VisualStudioVersion = 15.0.28010.2050
MinimumVisualStudioVersion = 10.0.40219.1
Project("{9A19103F-16F7-4668-BE54-9A1E7A4F7556}") = "Rehber.Database", "Rehber.Database\Rehber.Database.csproj", "{2C4293A9-007B-4421-B6F4-E9FB58597785}"
EndProject
Project("{9A19103F-16F7-4668-BE54-9A1E7A4F7556}") = "Rehber.Admin", "F:\Bitirme\Rehber.Admin\Rehber.Admin\Rehber.Admin.csproj", "{C9E3EEC9-2C9C-4521-909A-26E339367B7F}"
EndProject
Global
	GlobalSection(SolutionConfigurationPlatforms) = preSolution
		Debug|Any CPU = Debug|Any CPU
		Release|Any CPU = Release|Any CPU
	EndGlobalSection
	GlobalSection(ProjectConfigurationPlatforms) = postSolution
		{2C4293A9-007B-4421-B6F4-E9FB58597785}.Debug|Any CPU.ActiveCfg = Debug|Any CPU
		{2C4293A9-007B-4421-B6F4-E9FB58597785}.Debug|Any CPU.Build.0 = Debug|Any CPU
		{2C4293A9-007B-4421-B6F4-E9FB58597785}.Release|Any CPU.ActiveCfg = Release|Any CPU
		{2C4293A9-007B-4421-B6F4-E9FB58597785}.Release|Any CPU.Build.0 = Release|Any CPU
		{C9E3EEC9-2C9C-4521-909A-26E339367B7F}.Debug|Any CPU.ActiveCfg = Debug|Any CPU
		{C9E3EEC9-2C9C-4521-909A-26E339367B7F}.Debug|Any CPU.Build.0 = Debug|Any CPU
		{C9E3EEC9-2C9C-4521-909A-26E339367B7F}.Release|Any CPU.ActiveCfg = Release|Any CPU
		{C9E3EEC9-2C9C-4521-909A-26E339367B7F}.Release|Any CPU.Build.0 = Release|Any CPU
	EndGlobalSection
	GlobalSection(SolutionProperties) = preSolution
		HideSolutionNode = FALSE
	EndGlobalSection
	GlobalSection(ExtensibilityGlobals) = postSolution
		SolutionGuid = {A2B2F218-B90C-4028-B875-76B393CD37E8}
	EndGlobalSection
EndGlobal
